
Microsoft Visual Studio Solution File, Format Version 12.00
# Visual Studio Version 18
VisualStudioVersion = 18.3.11312.210
MinimumVisualStudioVersion = 10.0.40219.1
Project("{FAE04EC0-301F-11D3-BF4B-00C04F79EFBC}") = "ActoEngine.WebApi", "Backend\ActoEngine.WebApi.csproj", "{CF2F7C75-3757-413D-B588-8E6A782E2B03}"
EndProject
Project("{54A90642-561A-4BB1-A94E-469ADEE60C69}") = "Frontend", "Frontend\Frontend.esproj", "{A1B2C3D4-E5F6-7890-ABCD-EF1234567890}"
EndProject
Project("{FAE04EC0-301F-11D3-BF4B-00C04F79EFBC}") = "ActoEngine.Tests", "ActoEngine.Tests\ActoEngine.Tests.csproj", "{1BEF702B-A5DF-4680-8C7F-CFDE4EC02210}"
EndProject
Global
	GlobalSection(SolutionConfigurationPlatforms) = preSolution
		Debug|Any CPU = Debug|Any CPU
		Debug|x64 = Debug|x64
		Debug|x86 = Debug|x86
		Release|Any CPU = Release|Any CPU
		Release|x64 = Release|x64
		Release|x86 = Release|x86
	EndGlobalSection
	GlobalSection(ProjectConfigurationPlatforms) = postSolution
		{CF2F7C75-3757-413D-B588-8E6A782E2B03}.Debug|Any CPU.ActiveCfg = Debug|Any CPU
		{CF2F7C75-3757-413D-B588-8E6A782E2B03}.Debug|Any CPU.Build.0 = Debug|Any CPU
		{CF2F7C75-3757-413D-B588-8E6A782E2B03}.Debug|x64.ActiveCfg = Debug|Any CPU
		{CF2F7C75-3757-413D-B588-8E6A782E2B03}.Debug|x64.Build.0 = Debug|Any CPU
		{CF2F7C75-3757-413D-B588-8E6A782E2B03}.Debug|x86.ActiveCfg = Debug|Any CPU
		{CF2F7C75-3757-413D-B588-8E6A782E2B03}.Debug|x86.Build.0 = Debug|Any CPU
		{CF2F7C75-3757-413D-B588-8E6A782E2B03}.Release|Any CPU.ActiveCfg = Release|Any CPU
		{CF2F7C75-3757-413D-B588-8E6A782E2B03}.Release|Any CPU.Build.0 = Release|Any CPU
		{CF2F7C75-3757-413D-B588-8E6A782E2B03}.Release|x64.ActiveCfg = Release|Any CPU
		{CF2F7C75-3757-413D-B588-8E6A782E2B03}.Release|x64.Build.0 = Release|Any CPU
		{CF2F7C75-3757-413D-B588-8E6A782E2B03}.Release|x86.ActiveCfg = Release|Any CPU
		{CF2F7C75-3757-413D-B588-8E6A782E2B03}.Release|x86.Build.0 = Release|Any CPU
		{A1B2C3D4-E5F6-7890-ABCD-EF1234567890}.Debug|Any CPU.ActiveCfg = Debug|Any CPU
		{A1B2C3D4-E5F6-7890-ABCD-EF1234567890}.Debug|x64.ActiveCfg = Debug|x64
		{A1B2C3D4-E5F6-7890-ABCD-EF1234567890}.Debug|x86.ActiveCfg = Debug|x86
		{A1B2C3D4-E5F6-7890-ABCD-EF1234567890}.Release|Any CPU.ActiveCfg = Release|Any CPU
		{A1B2C3D4-E5F6-7890-ABCD-EF1234567890}.Release|Any CPU.Build.0 = Release|Any CPU
		{A1B2C3D4-E5F6-7890-ABCD-EF1234567890}.Release|Any CPU.Deploy.0 = Release|Any CPU
		{A1B2C3D4-E5F6-7890-ABCD-EF1234567890}.Release|x64.ActiveCfg = Release|x64
		{A1B2C3D4-E5F6-7890-ABCD-EF1234567890}.Release|x86.ActiveCfg = Release|x86
		{1BEF702B-A5DF-4680-8C7F-CFDE4EC02210}.Debug|Any CPU.ActiveCfg = Debug|Any CPU
		{1BEF702B-A5DF-4680-8C7F-CFDE4EC02210}.Debug|Any CPU.Build.0 = Debug|Any CPU
		{1BEF702B-A5DF-4680-8C7F-CFDE4EC02210}.Debug|x64.ActiveCfg = Debug|Any CPU
		{1BEF702B-A5DF-4680-8C7F-CFDE4EC02210}.Debug|x64.Build.0 = Debug|Any CPU
		{1BEF702B-A5DF-4680-8C7F-CFDE4EC02210}.Debug|x86.ActiveCfg = Debug|Any CPU
		{1BEF702B-A5DF-4680-8C7F-CFDE4EC02210}.Debug|x86.Build.0 = Debug|Any CPU
		{1BEF702B-A5DF-4680-8C7F-CFDE4EC02210}.Release|Any CPU.ActiveCfg = Release|Any CPU
		{1BEF702B-A5DF-4680-8C7F-CFDE4EC02210}.Release|Any CPU.Build.0 = Release|Any CPU
		{1BEF702B-A5DF-4680-8C7F-CFDE4EC02210}.Release|x64.ActiveCfg = Release|Any CPU
		{1BEF702B-A5DF-4680-8C7F-CFDE4EC02210}.Release|x64.Build.0 = Release|Any CPU
		{1BEF702B-A5DF-4680-8C7F-CFDE4EC02210}.Release|x86.ActiveCfg = Release|Any CPU
		{1BEF702B-A5DF-4680-8C7F-CFDE4EC02210}.Release|x86.Build.0 = Release|Any CPU
	EndGlobalSection
	GlobalSection(SolutionProperties) = preSolution
		HideSolutionNode = FALSE
	EndGlobalSection
	GlobalSection(ExtensibilityGlobals) = postSolution
		SolutionGuid = {11C7229B-A8FD-45F7-BB3D-FD12307EB862}
	EndGlobalSection
EndGlobal
